
Microsoft Visual Studio Solution File, Format Version 12.00
# Visual Studio Version 17
VisualStudioVersion = 17.9.34622.214
MinimumVisualStudioVersion = 10.0.40219.1
Project("{9A19103F-16F7-4668-BE54-9A1E7A4F7556}") = "ListaEx_Array", "ListaEx_Array.csproj", "{B9DF60EB-4B7E-45CC-BA73-706FF683BD99}"
EndProject
Global
	GlobalSection(SolutionConfigurationPlatforms) = preSolution
		Debug|Any CPU = Debug|Any CPU
		Release|Any CPU = Release|Any CPU
	EndGlobalSection
	GlobalSection(ProjectConfigurationPlatforms) = postSolution
		{B9DF60EB-4B7E-45CC-BA73-706FF683BD99}.Debug|Any CPU.ActiveCfg = Debug|Any CPU
		{B9DF60EB-4B7E-45CC-BA73-706FF683BD99}.Debug|Any CPU.Build.0 = Debug|Any CPU
		{B9DF60EB-4B7E-45CC-BA73-706FF683BD99}.Release|Any CPU.ActiveCfg = Release|Any CPU
		{B9DF60EB-4B7E-45CC-BA73-706FF683BD99}.Release|Any CPU.Build.0 = Release|Any CPU
	EndGlobalSection
	GlobalSection(SolutionProperties) = preSolution
		HideSolutionNode = FALSE
	EndGlobalSection
	GlobalSection(ExtensibilityGlobals) = postSolution
		SolutionGuid = {8C013BF3-C4CC-4A54-BEE5-D42AD74FDAF8}
	EndGlobalSection
EndGlobal
